{
  "nodes": {
    "aom-av1-psy": {
      "flake": false,
      "locked": {
        "lastModified": 1655482944,
        "narHash": "sha256-yGgBV6Bb7WZUY1jEychkWkrHzrv8SDh9XFOQxUNUpyo=",
        "owner": "BlueSwordM",
        "repo": "aom-av1-psy",
        "rev": "5dd2b0ccd7ee356a24a6b4611e38cbb1d5861170",
        "type": "github"
      },
      "original": {
        "owner": "BlueSwordM",
        "ref": "full_build-alpha-4",
        "repo": "aom-av1-psy",
        "type": "github"
      }
    },
    "flake-utils": {
      "locked": {
        "lastModified": 1653893745,
        "narHash": "sha256-0jntwV3Z8//YwuOjzhV2sgJJPt+HY6KhU7VZUL0fKZQ=",
        "owner": "numtide",
        "repo": "flake-utils",
        "rev": "1ed9fb1935d260de5fe1c2f7ee0ebaae17ed2fa1",
        "type": "github"
      },
      "original": {
        "owner": "numtide",
        "repo": "flake-utils",
        "type": "github"
      }
    },
    "nixpkgs": {
      "locked": {
        "lastModified": 1654857967,
        "narHash": "sha256-Xrb/2EVPJqocoJXrxbeGlzQoBH/rgInoXZQo48rBigY=",
        "owner": "NixOS",
        "repo": "nixpkgs",
        "rev": "397724176b474080a09422fdc29d3fc85cd43f2a",
        "type": "github"
      },
      "original": {
        "owner": "NixOS",
        "repo": "nixpkgs",
        "rev": "397724176b474080a09422fdc29d3fc85cd43f2a",
        "type": "github"
      }
    },
    "root": {
      "inputs": {
        "aom-av1-psy": "aom-av1-psy",
        "flake-utils": "flake-utils",
        "nixpkgs": "nixpkgs"
      }
    }
  },
  "root": "root",
  "version": 7
}
