{
  "nodes": {
    "aom-av1-psy": {
      "flake": false,
      "locked": {
        "lastModified": 1656538179,
        "narHash": "sha256-jy9y4PUzniEXUpZIOo1MIjMc2sAW+27P+FO5U6vxs2E=",
        "owner": "BlueSwordM",
        "repo": "aom-av1-psy",
        "rev": "975750938eee95ad0c3e6531d98787c1d8c4987c",
        "type": "github"
      },
      "original": {
        "owner": "BlueSwordM",
        "ref": "full_build-alpha-4",
        "repo": "aom-av1-psy",
        "type": "github"
      }
    },
    "flake-utils": {
      "locked": {
        "lastModified": 1656928814,
        "narHash": "sha256-RIFfgBuKz6Hp89yRr7+NR5tzIAbn52h8vT6vXkYjZoM=",
        "owner": "numtide",
        "repo": "flake-utils",
        "rev": "7e2a3b3dfd9af950a856d66b0a7d01e3c18aa249",
        "type": "github"
      },
      "original": {
        "owner": "numtide",
        "repo": "flake-utils",
        "type": "github"
      }
    },
    "nixpkgs": {
      "locked": {
        "lastModified": 1657321298,
        "narHash": "sha256-bcV37nS4bBycFAyrHuyGGzUsWdHpjWRX2tOy6FtMaSg=",
        "owner": "Dali99",
        "repo": "nixpkgs",
        "rev": "2b392d00165de0fdcd513f572b2f0bb42f3618dc",
        "type": "github"
      },
      "original": {
        "owner": "Dali99",
        "ref": "libaom_static",
        "repo": "nixpkgs",
        "type": "github"
      }
    },
    "root": {
      "inputs": {
        "aom-av1-psy": "aom-av1-psy",
        "flake-utils": "flake-utils",
        "nixpkgs": "nixpkgs"
      }
    }
  },
  "root": "root",
  "version": 7
}
